{
  "pins" : [
    {
      "identity" : "inject",
      "kind" : "remoteSourceControl",
      "location" : "https://github.com/krzysztofzablocki/Inject.git",
      "state" : {
        "revision" : "e3e8f4c4504f5c2bb24fa6c110ec0726f072667c",
        "version" : "1.0.6"
      }
    }
  ],
  "version" : 2
}
